PODS:
  - AFNetworking (3.2.1):
    - AFNetworking/NSURLSession (= 3.2.1)
    - AFNetworking/Reachability (= 3.2.1)
    - AFNetworking/Security (= 3.2.1)
    - AFNetworking/Serialization (= 3.2.1)
    - AFNetworking/UIKit (= 3.2.1)
  - AFNetworking/NSURLSession (3.2.1):
    - AFNetworking/Reachability
    - AFNetworking/Security
    - AFNetworking/Serialization
  - AFNetworking/Reachability (3.2.1)
  - AFNetworking/Security (3.2.1)
  - AFNetworking/Serialization (3.2.1)
  - AFNetworking/UIKit (3.2.1):
    - AFNetworking/NSURLSession
  - Bugly (2.5.0)
  - FMDB (2.7.5):
    - FMDB/standard (= 2.7.5)
  - FMDB/standard (2.7.5)
  - IQKeyboardManager (6.4.0)
  - JCore (2.1.1)
  - JPush (3.2.2):
    - JCore (< 3.0.0, >= 2.0.0)
  - KafkaRefresh (1.4.7):
    - KafkaRefresh/Category (= 1.4.7)
    - KafkaRefresh/Configuration (= 1.4.7)
    - KafkaRefresh/Core (= 1.4.7)
    - KafkaRefresh/Default (= 1.4.7)
    - KafkaRefresh/Style (= 1.4.7)
    - KafkaRefresh/UIKit (= 1.4.7)
  - KafkaRefresh/Category (1.4.7)
  - KafkaRefresh/Configuration (1.4.7):
    - KafkaRefresh/UIKit/FootKit
    - KafkaRefresh/UIKit/HeadKit
  - KafkaRefresh/Core (1.4.7):
    - KafkaRefresh/Category
  - KafkaRefresh/Default (1.4.7):
    - KafkaRefresh/Style
  - KafkaRefresh/Style (1.4.7)
  - KafkaRefresh/UIKit (1.4.7):
    - KafkaRefresh/UIKit/FootKit (= 1.4.7)
    - KafkaRefresh/UIKit/HeadKit (= 1.4.7)
    - KafkaRefresh/UIKit/LayerKit (= 1.4.7)
  - KafkaRefresh/UIKit/FootKit (1.4.7):
    - KafkaRefresh/Category
    - KafkaRefresh/Core
    - KafkaRefresh/Default
    - KafkaRefresh/Style
    - KafkaRefresh/UIKit/LayerKit
  - KafkaRefresh/UIKit/HeadKit (1.4.7):
    - KafkaRefresh/Category
    - KafkaRefresh/Core
    - KafkaRefresh/Default
    - KafkaRefresh/Style
    - KafkaRefresh/UIKit/LayerKit
  - KafkaRefresh/UIKit/LayerKit (1.4.7):
    - KafkaRefresh/Category
    - KafkaRefresh/Default
  - Masonry (1.1.0)
  - MBProgressHUD (1.1.0)
  - MJExtension (3.1.0)
  - SDWebImage (5.3.2):
    - SDWebImage/Core (= 5.3.2)
  - SDWebImage/Core (5.3.2)
  - YYImage (1.0.4):
    - YYImage/Core (= 1.0.4)
  - YYImage/Core (1.0.4)
  - YYModel (1.0.4)

DEPENDENCIES:
  - AFNetworking (~> 3.2.1)
  - Bugly
  - FMDB
  - IQKeyboardManager
  - JPush
  - KafkaRefresh
  - Masonry
  - MBProgressHUD
  - MJExtension
  - SDWebImage (>= 5.0.0)
  - YYImage
  - YYModel

SPEC REPOS:
  https://github.com/CocoaPods/Specs.git:
    - AFNetworking
    - Bugly
    - FMDB
    - IQKeyboardManager
    - JCore
    - JPush
    - KafkaRefresh
    - Masonry
    - MBProgressHUD
    - MJExtension
    - YYModel
  trunk:
    - SDWebImage
    - YYImage

SPEC CHECKSUMS:
  AFNetworking: b6f891fdfaed196b46c7a83cf209e09697b94057
  Bugly: 3ca9f255c01025582df26f9222893b383c7e4b4e
  FMDB: 2ce00b547f966261cd18927a3ddb07cb6f3db82a
  IQKeyboardManager: fcef267266379c003181fc3592f6bdb8bf4db839
  JCore: 4072327557f0b83cc22dd4041f2f839740c0077b
  JPush: 0e9088c85c73275629facc311fe5992dfac36eeb
  KafkaRefresh: a7962ea8f03f384c1b545d8c27ac419aa0d5b055
  Masonry: 678fab65091a9290e40e2832a55e7ab731aad201
  MBProgressHUD: e7baa36a220447d8aeb12769bf0585582f3866d9
  MJExtension: 6b69b3bef2864fd550ce1a184eda219e321209d2
  SDWebImage: 6ac2eb96571bff96ecde31a987172c5934a0eb7d
  YYImage: 1e1b62a9997399593e4b9c4ecfbbabbf1d3f3b54
  YYModel: 2a7fdd96aaa4b86a824e26d0c517de8928c04b30

PODFILE CHECKSUM: fbfe57bcabe449d8cfa448503e95f0cacdc764ea

COCOAPODS: 1.8.4
